Microsoft Visual Studio Solution File, Format Version 12.00
# Visual Studio Version 17
VisualStudioVersion = 17.5.2.0
MinimumVisualStudioVersion = 10.0.40219.1
Project("{2150E333-8FDC-42A3-9474-1A3956D46DE8}") = "src", "src", "{827E0CD3-B72D-47B6-A68D-7590B98EB39B}"
EndProject
Project("{2150E333-8FDC-42A3-9474-1A3956D46DE8}") = "website", "website", "{8EE5BCFE-8EF7-5D3C-03A0-1F123ADDF52A}"
EndProject
Project("{FAE04EC0-301F-11D3-BF4B-00C04F79EFBC}") = "chatui", "src\website\chatui\chatui.csproj", "{F03B41E5-23F6-FBEB-12BE-DB5CF3B22965}"
EndProject
Global
	GlobalSection(SolutionConfigurationPlatforms) = preSolution
		Debug|Any CPU = Debug|Any CPU
		Release|Any CPU = Release|Any CPU
	EndGlobalSection
	GlobalSection(ProjectConfigurationPlatforms) = postSolution
		{F03B41E5-23F6-FBEB-12BE-DB5CF3B22965}.Debug|Any CPU.ActiveCfg = Debug|Any CPU
		{F03B41E5-23F6-FBEB-12BE-DB5CF3B22965}.Debug|Any CPU.Build.0 = Debug|Any CPU
		{F03B41E5-23F6-FBEB-12BE-DB5CF3B22965}.Release|Any CPU.ActiveCfg = Release|Any CPU
		{F03B41E5-23F6-FBEB-12BE-DB5CF3B22965}.Release|Any CPU.Build.0 = Release|Any CPU
	EndGlobalSection
	GlobalSection(SolutionProperties) = preSolution
		HideSolutionNode = FALSE
	EndGlobalSection
	GlobalSection(NestedProjects) = preSolution
		{8EE5BCFE-8EF7-5D3C-03A0-1F123ADDF52A} = {827E0CD3-B72D-47B6-A68D-7590B98EB39B}
		{F03B41E5-23F6-FBEB-12BE-DB5CF3B22965} = {8EE5BCFE-8EF7-5D3C-03A0-1F123ADDF52A}
	EndGlobalSection
	GlobalSection(ExtensibilityGlobals) = postSolution
		SolutionGuid = {861B77CE-B63A-4B90-8E46-52AE3DAE2CF5}
	EndGlobalSection
EndGlobal
